
Microsoft Visual Studio Solution File, Format Version 12.00
# Visual Studio Version 17
VisualStudioVersion = 17.1.32210.238
MinimumVisualStudioVersion = 10.0.40219.1
Project("{FAE04EC0-301F-11D3-BF4B-00C04F79EFBC}") = "Logic.Hotfix", "Logic.Hotfix.csproj", "{9AA23530-C9A6-478D-90A4-C897C7147769}"
EndProject
Project("{9A19103F-16F7-4668-BE54-9A1E7A4F7556}") = "Logic.Hotfix.HotReload", "Script\Logic\HotReload\Logic.Hotfix.HotReload.csproj", "{AF7A7309-9B67-4746-9872-C80323A4A50C}"
EndProject
Project("{9A19103F-16F7-4668-BE54-9A1E7A4F7556}") = "Server", "..\Server\Server\Server.csproj", "{1E3E26FD-D791-4965-9D40-F9282CAFD0A0}"
EndProject
Global
	GlobalSection(SolutionConfigurationPlatforms) = preSolution
		Debug|Any CPU = Debug|Any CPU
		Release|Any CPU = Release|Any CPU
	EndGlobalSection
	GlobalSection(ProjectConfigurationPlatforms) = postSolution
		{9AA23530-C9A6-478D-90A4-C897C7147769}.Debug|Any CPU.ActiveCfg = Debug|Any CPU
		{9AA23530-C9A6-478D-90A4-C897C7147769}.Debug|Any CPU.Build.0 = Debug|Any CPU
		{9AA23530-C9A6-478D-90A4-C897C7147769}.Release|Any CPU.ActiveCfg = Release|Any CPU
		{9AA23530-C9A6-478D-90A4-C897C7147769}.Release|Any CPU.Build.0 = Release|Any CPU
		{AF7A7309-9B67-4746-9872-C80323A4A50C}.Debug|Any CPU.ActiveCfg = Debug|Any CPU
		{AF7A7309-9B67-4746-9872-C80323A4A50C}.Debug|Any CPU.Build.0 = Debug|Any CPU
		{AF7A7309-9B67-4746-9872-C80323A4A50C}.Release|Any CPU.ActiveCfg = Release|Any CPU
		{AF7A7309-9B67-4746-9872-C80323A4A50C}.Release|Any CPU.Build.0 = Release|Any CPU
		{1E3E26FD-D791-4965-9D40-F9282CAFD0A0}.Debug|Any CPU.ActiveCfg = Debug|Any CPU
		{1E3E26FD-D791-4965-9D40-F9282CAFD0A0}.Debug|Any CPU.Build.0 = Debug|Any CPU
		{1E3E26FD-D791-4965-9D40-F9282CAFD0A0}.Release|Any CPU.ActiveCfg = Release|Any CPU
		{1E3E26FD-D791-4965-9D40-F9282CAFD0A0}.Release|Any CPU.Build.0 = Release|Any CPU
	EndGlobalSection
	GlobalSection(SolutionProperties) = preSolution
		HideSolutionNode = FALSE
	EndGlobalSection
	GlobalSection(ExtensibilityGlobals) = postSolution
		SolutionGuid = {1C94FBF7-04BA-41B3-9FA3-1328C0CF8D51}
	EndGlobalSection
EndGlobal
