
Microsoft Visual Studio Solution File, Format Version 12.00
# Visual Studio Version 16
VisualStudioVersion = 16.0.31424.327
MinimumVisualStudioVersion = 10.0.40219.1
Project("{FAE04EC0-301F-11D3-BF4B-00C04F79EFBC}") = "FileSplitter", "FileSplitter.csproj", "{6DCD31BA-76B4-4850-B25B-7EABD83B83AE}"
EndProject
Global
	GlobalSection(SolutionConfigurationPlatforms) = preSolution
		Debug|Any CPU = Debug|Any CPU
		Release|Any CPU = Release|Any CPU
	EndGlobalSection
	GlobalSection(ProjectConfigurationPlatforms) = postSolution
		{6DCD31BA-76B4-4850-B25B-7EABD83B83AE}.Debug|Any CPU.ActiveCfg = Debug|Any CPU
		{6DCD31BA-76B4-4850-B25B-7EABD83B83AE}.Debug|Any CPU.Build.0 = Debug|Any CPU
		{6DCD31BA-76B4-4850-B25B-7EABD83B83AE}.Release|Any CPU.ActiveCfg = Release|Any CPU
		{6DCD31BA-76B4-4850-B25B-7EABD83B83AE}.Release|Any CPU.Build.0 = Release|Any CPU
	EndGlobalSection
	GlobalSection(SolutionProperties) = preSolution
		HideSolutionNode = FALSE
	EndGlobalSection
	GlobalSection(ExtensibilityGlobals) = postSolution
		SolutionGuid = {E4633DF2-AEEE-4937-901E-AE9A894368DD}
	EndGlobalSection
EndGlobal
